
Microsoft Visual Studio Solution File, Format Version 12.00
# Visual Studio Version 17
VisualStudioVersion = 17.8.34309.116
MinimumVisualStudioVersion = 10.0.40219.1
Project("{9A19103F-16F7-4668-BE54-9A1E7A4F7556}") = "Thek_BuildingArrivalMode", "Thek_BuildingArrivalMode.csproj", "{4180F3A6-DE0A-40EA-B349-F421B0A58E36}"
EndProject
Global
	GlobalSection(SolutionConfigurationPlatforms) = preSolution
		Debug|Any CPU = Debug|Any CPU
		Release|Any CPU = Release|Any CPU
	EndGlobalSection
	GlobalSection(ProjectConfigurationPlatforms) = postSolution
		{4180F3A6-DE0A-40EA-B349-F421B0A58E36}.Debug|Any CPU.ActiveCfg = Debug|Any CPU
		{4180F3A6-DE0A-40EA-B349-F421B0A58E36}.Debug|Any CPU.Build.0 = Debug|Any CPU
		{4180F3A6-DE0A-40EA-B349-F421B0A58E36}.Release|Any CPU.ActiveCfg = Release|Any CPU
		{4180F3A6-DE0A-40EA-B349-F421B0A58E36}.Release|Any CPU.Build.0 = Release|Any CPU
	EndGlobalSection
	GlobalSection(SolutionProperties) = preSolution
		HideSolutionNode = FALSE
	EndGlobalSection
	GlobalSection(ExtensibilityGlobals) = postSolution
		SolutionGuid = {56284E32-60DC-4E6C-97CC-A6D35F113186}
	EndGlobalSection
EndGlobal
