
Microsoft Visual Studio Solution File, Format Version 12.00
# Visual Studio Version 17
VisualStudioVersion = 17.2.32602.215
MinimumVisualStudioVersion = 10.0.40219.1
Project("{FAE04EC0-301F-11D3-BF4B-00C04F79EFBC}") = "Hediff_PawnConverter", "Hediff_PawnConverter.csproj", "{C01C174F-4BEB-4BDF-A5F8-39CC688BFA4B}"
EndProject
Global
	GlobalSection(SolutionConfigurationPlatforms) = preSolution
		Debug|Any CPU = Debug|Any CPU
		Release|Any CPU = Release|Any CPU
	EndGlobalSection
	GlobalSection(ProjectConfigurationPlatforms) = postSolution
		{C01C174F-4BEB-4BDF-A5F8-39CC688BFA4B}.Debug|Any CPU.ActiveCfg = Debug|Any CPU
		{C01C174F-4BEB-4BDF-A5F8-39CC688BFA4B}.Debug|Any CPU.Build.0 = Debug|Any CPU
		{C01C174F-4BEB-4BDF-A5F8-39CC688BFA4B}.Release|Any CPU.ActiveCfg = Release|Any CPU
		{C01C174F-4BEB-4BDF-A5F8-39CC688BFA4B}.Release|Any CPU.Build.0 = Release|Any CPU
	EndGlobalSection
	GlobalSection(SolutionProperties) = preSolution
		HideSolutionNode = FALSE
	EndGlobalSection
	GlobalSection(ExtensibilityGlobals) = postSolution
		SolutionGuid = {51AF2469-C751-4552-A584-75091D1FA3F9}
	EndGlobalSection
EndGlobal
